
Microsoft Visual Studio Solution File, Format Version 12.00
# Visual Studio Version 16
VisualStudioVersion = 16.0.31205.134
MinimumVisualStudioVersion = 10.0.40219.1
Project("{9A19103F-16F7-4668-BE54-9A1E7A4F7556}") = "GameProject", "GameProject\GameProject.csproj", "{F0FE4BFC-A5AB-402A-8A30-8308A9660FAD}"
EndProject
Project("{FAE04EC0-301F-11D3-BF4B-00C04F79EFBC}") = "SectionA2020CS13Framework", "SectionA2020CS13Framework\SectionA2020CS13Framework.csproj", "{7525680E-A7BC-4040-AEC3-0EDB1C38121A}"
EndProject
Global
	GlobalSection(SolutionConfigurationPlatforms) = preSolution
		Debug|Any CPU = Debug|Any CPU
		Release|Any CPU = Release|Any CPU
	EndGlobalSection
	GlobalSection(ProjectConfigurationPlatforms) = postSolution
		{F0FE4BFC-A5AB-402A-8A30-8308A9660FAD}.Debug|Any CPU.ActiveCfg = Debug|Any CPU
		{F0FE4BFC-A5AB-402A-8A30-8308A9660FAD}.Debug|Any CPU.Build.0 = Debug|Any CPU
		{F0FE4BFC-A5AB-402A-8A30-8308A9660FAD}.Release|Any CPU.ActiveCfg = Release|Any CPU
		{F0FE4BFC-A5AB-402A-8A30-8308A9660FAD}.Release|Any CPU.Build.0 = Release|Any CPU
		{7525680E-A7BC-4040-AEC3-0EDB1C38121A}.Debug|Any CPU.ActiveCfg = Debug|Any CPU
		{7525680E-A7BC-4040-AEC3-0EDB1C38121A}.Debug|Any CPU.Build.0 = Debug|Any CPU
		{7525680E-A7BC-4040-AEC3-0EDB1C38121A}.Release|Any CPU.ActiveCfg = Release|Any CPU
		{7525680E-A7BC-4040-AEC3-0EDB1C38121A}.Release|Any CPU.Build.0 = Release|Any CPU
	EndGlobalSection
	GlobalSection(SolutionProperties) = preSolution
		HideSolutionNode = FALSE
	EndGlobalSection
	GlobalSection(ExtensibilityGlobals) = postSolution
		SolutionGuid = {3E9BCBE0-1397-4E3E-A849-E057B5F2A54F}
	EndGlobalSection
EndGlobal
